// !$*UTF8*$!
{
	archiveVersion = 1;
	classes = {
	};
	objectVersion = 55;
	objects = {

/* Begin PBXBuildFile section */
		3A4E3F842847E06A0047946C /* AppDelegate.swift in Sources */ = {isa = PBXBuildFile; fileRef = 3A4E3F832847E06A0047946C /* AppDelegate.swift */; };
		3A4E3F862847E06A0047946C /* SceneDelegate.swift in Sources */ = {isa = PBXBuildFile; fileRef = 3A4E3F852847E06A0047946C /* SceneDelegate.swift */; };
		3A4E3F882847E06A0047946C /* MainView.swift in Sources */ = {isa = PBXBuildFile; fileRef = 3A4E3F872847E06A0047946C /* MainView.swift */; };
		3A4E3F8D2847E06B0047946C /* Assets.xcassets in Resources */ = {isa = PBXBuildFile; fileRef = 3A4E3F8C2847E06B0047946C /* Assets.xcassets */; };
		3A4E3F902847E06B0047946C /* LaunchScreen.storyboard in Resources */ = {isa = PBXBuildFile; fileRef = 3A4E3F8E2847E06B0047946C /* LaunchScreen.storyboard */; };
		3A4E3F982847FC2F0047946C /* UserModel.swift in Sources */ = {isa = PBXBuildFile; fileRef = 3A4E3F972847FC2F0047946C /* UserModel.swift */; };
		3A4E3F9C2848013F0047946C /* Users.xcdatamodeld in Sources */ = {isa = PBXBuildFile; fileRef = 3A4E3F9A2848013F0047946C /* Users.xcdatamodeld */; };
		3A4E3F9E28480B5E0047946C /* CoreDataManager.swift in Sources */ = {isa = PBXBuildFile; fileRef = 3A4E3F9D28480B5E0047946C /* CoreDataManager.swift */; };
		3A4E3FA4284A0E690047946C /* UsersListPage.swift in Sources */ = {isa = PBXBuildFile; fileRef = 3A4E3FA3284A0E690047946C /* UsersListPage.swift */; };
		3A4E3FA6284A14000047946C /* UserCell.swift in Sources */ = {isa = PBXBuildFile; fileRef = 3A4E3FA5284A14000047946C /* UserCell.swift */; };
		3A4E3FA9284A9F710047946C /* UserEntity.swift in Sources */ = {isa = PBXBuildFile; fileRef = 3A4E3FA8284A9F710047946C /* UserEntity.swift */; };
		3A4E3FAB284A9FA60047946C /* DataManager.swift in Sources */ = {isa = PBXBuildFile; fileRef = 3A4E3FAA284A9FA60047946C /* DataManager.swift */; };
		3A4E3FAD284AA8870047946C /* UserEditPage.swift in Sources */ = {isa = PBXBuildFile; fileRef = 3A4E3FAC284AA8860047946C /* UserEditPage.swift */; };
		3A4E3FB2284C8E710047946C /* UsersApiProtocol.swift in Sources */ = {isa = PBXBuildFile; fileRef = 3A4E3FB1284C8E710047946C /* UsersApiProtocol.swift */; };
		3A4E3FB4284C8E9F0047946C /* UsersApi.swift in Sources */ = {isa = PBXBuildFile; fileRef = 3A4E3FB3284C8E9F0047946C /* UsersApi.swift */; };
		3A4E3FB7284C9D140047946C /* PopUp.swift in Sources */ = {isa = PBXBuildFile; fileRef = 3A4E3FB6284C9D140047946C /* PopUp.swift */; };
		4016B06244624A65F5E1708E /* Pods_Test_Balink.framework in Frameworks */ = {isa = PBXBuildFile; fileRef = 8D2CE67B7A522195CAE3B7BE /* Pods_Test_Balink.framework */; };
/* End PBXBuildFile section */

/* Begin PBXFileReference section */
		3A4E3F802847E06A0047946C /* Test Balink.app */ = {isa = PBXFileReference; explicitFileType = wrapper.application; includeInIndex = 0; path = "Test Balink.app"; sourceTree = BUILT_PRODUCTS_DIR; };
		3A4E3F832847E06A0047946C /* AppDelegate.swift */ = {isa = PBXFileReference; lastKnownFileType = sourcecode.swift; path = AppDelegate.swift; sourceTree = "<group>"; };
		3A4E3F852847E06A0047946C /* SceneDelegate.swift */ = {isa = PBXFileReference; lastKnownFileType = sourcecode.swift; path = SceneDelegate.swift; sourceTree = "<group>"; };
		3A4E3F872847E06A0047946C /* MainView.swift */ = {isa = PBXFileReference; lastKnownFileType = sourcecode.swift; path = MainView.swift; sourceTree = "<group>"; };
		3A4E3F8C2847E06B0047946C /* Assets.xcassets */ = {isa = PBXFileReference; lastKnownFileType = folder.assetcatalog; path = Assets.xcassets; sourceTree = "<group>"; };
		3A4E3F8F2847E06B0047946C /* Base */ = {isa = PBXFileReference; lastKnownFileType = file.storyboard; name = Base; path = Base.lproj/LaunchScreen.storyboard; sourceTree = "<group>"; };
		3A4E3F912847E06B0047946C /* Info.plist */ = {isa = PBXFileReference; lastKnownFileType = text.plist.xml; path = Info.plist; sourceTree = "<group>"; };
		3A4E3F972847FC2F0047946C /* UserModel.swift */ = {isa = PBXFileReference; lastKnownFileType = sourcecode.swift; path = UserModel.swift; sourceTree = "<group>"; };
		3A4E3F9B2848013F0047946C /* Users.xcdatamodel */ = {isa = PBXFileReference; lastKnownFileType = wrapper.xcdatamodel; path = Users.xcdatamodel; sourceTree = "<group>"; };
		3A4E3F9D28480B5E0047946C /* CoreDataManager.swift */ = {isa = PBXFileReference; lastKnownFileType = sourcecode.swift; path = CoreDataManager.swift; sourceTree = "<group>"; };
		3A4E3FA3284A0E690047946C /* UsersListPage.swift */ = {isa = PBXFileReference; lastKnownFileType = sourcecode.swift; path = UsersListPage.swift; sourceTree = "<group>"; };
		3A4E3FA5284A14000047946C /* UserCell.swift */ = {isa = PBXFileReference; lastKnownFileType = sourcecode.swift; path = UserCell.swift; sourceTree = "<group>"; };
		3A4E3FA8284A9F710047946C /* UserEntity.swift */ = {isa = PBXFileReference; lastKnownFileType = sourcecode.swift; path = UserEntity.swift; sourceTree = "<group>"; };
		3A4E3FAA284A9FA60047946C /* DataManager.swift */ = {isa = PBXFileReference; lastKnownFileType = sourcecode.swift; path = DataManager.swift; sourceTree = "<group>"; };
		3A4E3FAC284AA8860047946C /* UserEditPage.swift */ = {isa = PBXFileReference; lastKnownFileType = sourcecode.swift; path = UserEditPage.swift; sourceTree = "<group>"; };
		3A4E3FB1284C8E710047946C /* UsersApiProtocol.swift */ = {isa = PBXFileReference; lastKnownFileType = sourcecode.swift; path = UsersApiProtocol.swift; sourceTree = "<group>"; };
		3A4E3FB3284C8E9F0047946C /* UsersApi.swift */ = {isa = PBXFileReference; lastKnownFileType = sourcecode.swift; path = UsersApi.swift; sourceTree = "<group>"; };
		3A4E3FB6284C9D140047946C /* PopUp.swift */ = {isa = PBXFileReference; lastKnownFileType = sourcecode.swift; path = PopUp.swift; sourceTree = "<group>"; };
		5D5E5EAF261960EAD5EFE1EB /* Pods-Test Balink.release.xcconfig */ = {isa = PBXFileReference; includeInIndex = 1; lastKnownFileType = text.xcconfig; name = "Pods-Test Balink.release.xcconfig"; path = "Target Support Files/Pods-Test Balink/Pods-Test Balink.release.xcconfig"; sourceTree = "<group>"; };
		8D2CE67B7A522195CAE3B7BE /* Pods_Test_Balink.framework */ = {isa = PBXFileReference; explicitFileType = wrapper.framework; includeInIndex = 0; path = Pods_Test_Balink.framework; sourceTree = BUILT_PRODUCTS_DIR; };
		D8DD3F09B65CEB7DC353D9D6 /* Pods-Test Balink.debug.xcconfig */ = {isa = PBXFileReference; includeInIndex = 1; lastKnownFileType = text.xcconfig; name = "Pods-Test Balink.debug.xcconfig"; path = "Target Support Files/Pods-Test Balink/Pods-Test Balink.debug.xcconfig"; sourceTree = "<group>"; };
/* End PBXFileReference section */

/* Begin PBXFrameworksBuildPhase section */
		3A4E3F7D2847E06A0047946C /* Frameworks */ = {
			isa = PBXFrameworksBuildPhase;
			buildActionMask = 2147483647;
			files = (
				4016B06244624A65F5E1708E /* Pods_Test_Balink.framework in Frameworks */,
			);
			runOnlyForDeploymentPostprocessing = 0;
		};
/* End PBXFrameworksBuildPhase section */

/* Begin PBXGroup section */
		3A4E3F772847E06A0047946C = {
			isa = PBXGroup;
			children = (
				3A4E3F822847E06A0047946C /* Test Balink */,
				3A4E3F812847E06A0047946C /* Products */,
				B47DEE1B0BD528DA34C6EC5A /* Pods */,
				F8CDE466E5D069AB95D9C1DA /* Frameworks */,
			);
			sourceTree = "<group>";
		};
		3A4E3F812847E06A0047946C /* Products */ = {
			isa = PBXGroup;
			children = (
				3A4E3F802847E06A0047946C /* Test Balink.app */,
			);
			name = Products;
			sourceTree = "<group>";
		};
		3A4E3F822847E06A0047946C /* Test Balink */ = {
			isa = PBXGroup;
			children = (
				3A4E3FB0284C8E510047946C /* UsersAPI */,
				3A4E3F832847E06A0047946C /* AppDelegate.swift */,
				3A4E3F852847E06A0047946C /* SceneDelegate.swift */,
				3A4E3FA2284A0DE80047946C /* UI */,
				3A4E3FA7284A9EA80047946C /* CoreData */,
				3A4E3F9F28480F620047946C /* Services */,
				3A4E3F992847FD090047946C /* Model */,
				3A4E3F8C2847E06B0047946C /* Assets.xcassets */,
				3A4E3F8E2847E06B0047946C /* LaunchScreen.storyboard */,
				3A4E3F912847E06B0047946C /* Info.plist */,
			);
			path = "Test Balink";
			sourceTree = "<group>";
		};
		3A4E3F992847FD090047946C /* Model */ = {
			isa = PBXGroup;
			children = (
				3A4E3F972847FC2F0047946C /* UserModel.swift */,
			);
			path = Model;
			sourceTree = "<group>";
		};
		3A4E3F9F28480F620047946C /* Services */ = {
			isa = PBXGroup;
			children = (
				3A4E3FAA284A9FA60047946C /* DataManager.swift */,
			);
			path = Services;
			sourceTree = "<group>";
		};
		3A4E3FA2284A0DE80047946C /* UI */ = {
			isa = PBXGroup;
			children = (
				3A4E3FB5284C9CFE0047946C /* CustomPopUp */,
				3A4E3F872847E06A0047946C /* MainView.swift */,
				3A4E3FA3284A0E690047946C /* UsersListPage.swift */,
				3A4E3FA5284A14000047946C /* UserCell.swift */,
				3A4E3FAC284AA8860047946C /* UserEditPage.swift */,
			);
			path = UI;
			sourceTree = "<group>";
		};
		3A4E3FA7284A9EA80047946C /* CoreData */ = {
			isa = PBXGroup;
			children = (
				3A4E3F9D28480B5E0047946C /* CoreDataManager.swift */,
				3A4E3F9A2848013F0047946C /* Users.xcdatamodeld */,
				3A4E3FA8284A9F710047946C /* UserEntity.swift */,
			);
			path = CoreData;
			sourceTree = "<group>";
		};
		3A4E3FB0284C8E510047946C /* UsersAPI */ = {
			isa = PBXGroup;
			children = (
				3A4E3FB1284C8E710047946C /* UsersApiProtocol.swift */,
				3A4E3FB3284C8E9F0047946C /* UsersApi.swift */,
			);
			path = UsersAPI;
			sourceTree = "<group>";
		};
		3A4E3FB5284C9CFE0047946C /* CustomPopUp */ = {
			isa = PBXGroup;
			children = (
				3A4E3FB6284C9D140047946C /* PopUp.swift */,
			);
			path = CustomPopUp;
			sourceTree = "<group>";
		};
		B47DEE1B0BD528DA34C6EC5A /* Pods */ = {
			isa = PBXGroup;
			children = (
				D8DD3F09B65CEB7DC353D9D6 /* Pods-Test Balink.debug.xcconfig */,
				5D5E5EAF261960EAD5EFE1EB /* Pods-Test Balink.release.xcconfig */,
			);
			path = Pods;
			sourceTree = "<group>";
		};
		F8CDE466E5D069AB95D9C1DA /* Frameworks */ = {
			isa = PBXGroup;
			children = (
				8D2CE67B7A522195CAE3B7BE /* Pods_Test_Balink.framework */,
			);
			name = Frameworks;
			sourceTree = "<group>";
		};
/* End PBXGroup section */

/* Begin PBXNativeTarget section */
		3A4E3F7F2847E06A0047946C /* Test Balink */ = {
			isa = PBXNativeTarget;
			buildConfigurationList = 3A4E3F942847E06B0047946C /* Build configuration list for PBXNativeTarget "Test Balink" */;
			buildPhases = (
				7F9E2318571E04CE2F072E64 /* [CP] Check Pods Manifest.lock */,
				3A4E3F7C2847E06A0047946C /* Sources */,
				3A4E3F7D2847E06A0047946C /* Frameworks */,
				3A4E3F7E2847E06A0047946C /* Resources */,
				8E5133433AFF56739B1E6995 /* [CP] Embed Pods Frameworks */,
			);
			buildRules = (
			);
			dependencies = (
			);
			name = "Test Balink";
			productName = "Test Balink";
			productReference = 3A4E3F802847E06A0047946C /* Test Balink.app */;
			productType = "com.apple.product-type.application";
		};
/* End PBXNativeTarget section */

/* Begin PBXProject section */
		3A4E3F782847E06A0047946C /* Project object */ = {
			isa = PBXProject;
			attributes = {
				BuildIndependentTargetsInParallel = 1;
				LastSwiftUpdateCheck = 1310;
				LastUpgradeCheck = 1310;
				TargetAttributes = {
					3A4E3F7F2847E06A0047946C = {
						CreatedOnToolsVersion = 13.1;
					};
				};
			};
			buildConfigurationList = 3A4E3F7B2847E06A0047946C /* Build configuration list for PBXProject "Test Balink" */;
			compatibilityVersion = "Xcode 13.0";
			developmentRegion = en;
			hasScannedForEncodings = 0;
			knownRegions = (
				en,
				Base,
			);
			mainGroup = 3A4E3F772847E06A0047946C;
			productRefGroup = 3A4E3F812847E06A0047946C /* Products */;
			projectDirPath = "";
			projectRoot = "";
			targets = (
				3A4E3F7F2847E06A0047946C /* Test Balink */,
			);
		};
/* End PBXProject section */

/* Begin PBXResourcesBuildPhase section */
		3A4E3F7E2847E06A0047946C /* Resources */ = {
			isa = PBXResourcesBuildPhase;
			buildActionMask = 2147483647;
			files = (
				3A4E3F902847E06B0047946C /* LaunchScreen.storyboard in Resources */,
				3A4E3F8D2847E06B0047946C /* Assets.xcassets in Resources */,
			);
			runOnlyForDeploymentPostprocessing = 0;
		};
/* End PBXResourcesBuildPhase section */

/* Begin PBXShellScriptBuildPhase section */
		7F9E2318571E04CE2F072E64 /* [CP] Check Pods Manifest.lock */ = {
			isa = PBXShellScriptBuildPhase;
			buildActionMask = 2147483647;
			files = (
			);
			inputFileListPaths = (
			);
			inputPaths = (
				"${PODS_PODFILE_DIR_PATH}/Podfile.lock",
				"${PODS_ROOT}/Manifest.lock",
			);
			name = "[CP] Check Pods Manifest.lock";
			outputFileListPaths = (
			);
			outputPaths = (
				"$(DERIVED_FILE_DIR)/Pods-Test Balink-checkManifestLockResult.txt",
			);
			runOnlyForDeploymentPostprocessing = 0;
			shellPath = /bin/sh;
			shellScript = "diff \"${PODS_PODFILE_DIR_PATH}/Podfile.lock\" \"${PODS_ROOT}/Manifest.lock\" > /dev/null\nif [ $? != 0 ] ; then\n    # print error to STDERR\n    echo \"error: The sandbox is not in sync with the Podfile.lock. Run 'pod install' or update your CocoaPods installation.\" >&2\n    exit 1\nfi\n# This output is used by Xcode 'outputs' to avoid re-running this script phase.\necho \"SUCCESS\" > \"${SCRIPT_OUTPUT_FILE_0}\"\n";
			showEnvVarsInLog = 0;
		};
		8E5133433AFF56739B1E6995 /* [CP] Embed Pods Frameworks */ = {
			isa = PBXShellScriptBuildPhase;
			buildActionMask = 2147483647;
			files = (
			);
			inputFileListPaths = (
				"${PODS_ROOT}/Target Support Files/Pods-Test Balink/Pods-Test Balink-frameworks-${CONFIGURATION}-input-files.xcfilelist",
			);
			name = "[CP] Embed Pods Frameworks";
			outputFileListPaths = (
				"${PODS_ROOT}/Target Support Files/Pods-Test Balink/Pods-Test Balink-frameworks-${CONFIGURATION}-output-files.xcfilelist",
			);
			runOnlyForDeploymentPostprocessing = 0;
			shellPath = /bin/sh;
			shellScript = "\"${PODS_ROOT}/Target Support Files/Pods-Test Balink/Pods-Test Balink-frameworks.sh\"\n";
			showEnvVarsInLog = 0;
		};
/* End PBXShellScriptBuildPhase section */

/* Begin PBXSourcesBuildPhase section */
		3A4E3F7C2847E06A0047946C /* Sources */ = {
			isa = PBXSourcesBuildPhase;
			buildActionMask = 2147483647;
			files = (
				3A4E3FA4284A0E690047946C /* UsersListPage.swift in Sources */,
				3A4E3F9E28480B5E0047946C /* CoreDataManager.swift in Sources */,
				3A4E3FA9284A9F710047946C /* UserEntity.swift in Sources */,
				3A4E3FB4284C8E9F0047946C /* UsersApi.swift in Sources */,
				3A4E3F882847E06A0047946C /* MainView.swift in Sources */,
				3A4E3F9C2848013F0047946C /* Users.xcdatamodeld in Sources */,
				3A4E3FA6284A14000047946C /* UserCell.swift in Sources */,
				3A4E3F842847E06A0047946C /* AppDelegate.swift in Sources */,
				3A4E3FB2284C8E710047946C /* UsersApiProtocol.swift in Sources */,
				3A4E3FAB284A9FA60047946C /* DataManager.swift in Sources */,
				3A4E3FB7284C9D140047946C /* PopUp.swift in Sources */,
				3A4E3F982847FC2F0047946C /* UserModel.swift in Sources */,
				3A4E3F862847E06A0047946C /* SceneDelegate.swift in Sources */,
				3A4E3FAD284AA8870047946C /* UserEditPage.swift in Sources */,
			);
			runOnlyForDeploymentPostprocessing = 0;
		};
/* End PBXSourcesBuildPhase section */

/* Begin PBXVariantGroup section */
		3A4E3F8E2847E06B0047946C /* LaunchScreen.storyboard */ = {
			isa = PBXVariantGroup;
			children = (
				3A4E3F8F2847E06B0047946C /* Base */,
			);
			name = LaunchScreen.storyboard;
			sourceTree = "<group>";
		};
/* End PBXVariantGroup section */

/* Begin XCBuildConfiguration section */
		3A4E3F922847E06B0047946C /* Debug */ = {
			isa = XCBuildConfiguration;
			buildSettings = {
				ALWAYS_SEARCH_USER_PATHS = NO;
				CLANG_ANALYZER_NONNULL = YES;
				CLANG_ANALYZER_NUMBER_OBJECT_CONVERSION = YES_AGGRESSIVE;
				CLANG_CXX_LANGUAGE_STANDARD = "gnu++17";
				CLANG_CXX_LIBRARY = "libc++";
				CLANG_ENABLE_MODULES = YES;
				CLANG_ENABLE_OBJC_ARC = YES;
				CLANG_ENABLE_OBJC_WEAK = YES;
				CLANG_WARN_BLOCK_CAPTURE_AUTORELEASING = YES;
				CLANG_WARN_BOOL_CONVERSION = YES;
				CLANG_WARN_COMMA = YES;
				CLANG_WARN_CONSTANT_CONVERSION = YES;
				CLANG_WARN_DEPRECATED_OBJC_IMPLEMENTATIONS = YES;
				CLANG_WARN_DIRECT_OBJC_ISA_USAGE = YES_ERROR;
				CLANG_WARN_DOCUMENTATION_COMMENTS = YES;
				CLANG_WARN_EMPTY_BODY = YES;
				CLANG_WARN_ENUM_CONVERSION = YES;
				CLANG_WARN_INFINITE_RECURSION = YES;
				CLANG_WARN_INT_CONVERSION = YES;
				CLANG_WARN_NON_LITERAL_NULL_CONVERSION = YES;
				CLANG_WARN_OBJC_IMPLICIT_RETAIN_SELF = YES;
				CLANG_WARN_OBJC_LITERAL_CONVERSION = YES;
				CLANG_WARN_OBJC_ROOT_CLASS = YES_ERROR;
				CLANG_WARN_QUOTED_INCLUDE_IN_FRAMEWORK_HEADER = YES;
				CLANG_WARN_RANGE_LOOP_ANALYSIS = YES;
				CLANG_WARN_STRICT_PROTOTYPES = YES;
				CLANG_WARN_SUSPICIOUS_MOVE = YES;
				CLANG_WARN_UNGUARDED_AVAILABILITY = YES_AGGRESSIVE;
				CLANG_WARN_UNREACHABLE_CODE = YES;
				CLANG_WARN__DUPLICATE_METHOD_MATCH = YES;
				COPY_PHASE_STRIP = NO;
				DEBUG_INFORMATION_FORMAT = dwarf;
				ENABLE_STRICT_OBJC_MSGSEND = YES;
				ENABLE_TESTABILITY = YES;
				GCC_C_LANGUAGE_STANDARD = gnu11;
				GCC_DYNAMIC_NO_PIC = NO;
				GCC_NO_COMMON_BLOCKS = YES;
				GCC_OPTIMIZATION_LEVEL = 0;
				GCC_PREPROCESSOR_DEFINITIONS = (
					"DEBUG=1",
					"$(inherited)",
				);
				GCC_WARN_64_TO_32_BIT_CONVERSION = YES;
				GCC_WARN_ABOUT_RETURN_TYPE = YES_ERROR;
				GCC_WARN_UNDECLARED_SELECTOR = YES;
				GCC_WARN_UNINITIALIZED_AUTOS = YES_AGGRESSIVE;
				GCC_WARN_UNUSED_FUNCTION = YES;
				GCC_WARN_UNUSED_VARIABLE = YES;
				IPHONEOS_DEPLOYMENT_TARGET = 15.0;
				MTL_ENABLE_DEBUG_INFO = INCLUDE_SOURCE;
				MTL_FAST_MATH = YES;
				ONLY_ACTIVE_ARCH = YES;
				SDKROOT = iphoneos;
				SWIFT_ACTIVE_COMPILATION_CONDITIONS = DEBUG;
				SWIFT_OPTIMIZATION_LEVEL = "-Onone";
			};
			name = Debug;
		};
		3A4E3F932847E06B0047946C /* Release */ = {
			isa = XCBuildConfiguration;
			buildSettings = {
				ALWAYS_SEARCH_USER_PATHS = NO;
				CLANG_ANALYZER_NONNULL = YES;
				CLANG_ANALYZER_NUMBER_OBJECT_CONVERSION = YES_AGGRESSIVE;
				CLANG_CXX_LANGUAGE_STANDARD = "gnu++17";
				CLANG_CXX_LIBRARY = "libc++";
				CLANG_ENABLE_MODULES = YES;
				CLANG_ENABLE_OBJC_ARC = YES;
				CLANG_ENABLE_OBJC_WEAK = YES;
				CLANG_WARN_BLOCK_CAPTURE_AUTORELEASING = YES;
				CLANG_WARN_BOOL_CONVERSION = YES;
				CLANG_WARN_COMMA = YES;
				CLANG_WARN_CONSTANT_CONVERSION = YES;
				CLANG_WARN_DEPRECATED_OBJC_IMPLEMENTATIONS = YES;
				CLANG_WARN_DIRECT_OBJC_ISA_USAGE = YES_ERROR;
				CLANG_WARN_DOCUMENTATION_COMMENTS = YES;
				CLANG_WARN_EMPTY_BODY = YES;
				CLANG_WARN_ENUM_CONVERSION = YES;
				CLANG_WARN_INFINITE_RECURSION = YES;
				CLANG_WARN_INT_CONVERSION = YES;
				CLANG_WARN_NON_LITERAL_NULL_CONVERSION = YES;
				CLANG_WARN_OBJC_IMPLICIT_RETAIN_SELF = YES;
				CLANG_WARN_OBJC_LITERAL_CONVERSION = YES;
				CLANG_WARN_OBJC_ROOT_CLASS = YES_ERROR;
				CLANG_WARN_QUOTED_INCLUDE_IN_FRAMEWORK_HEADER = YES;
				CLANG_WARN_RANGE_LOOP_ANALYSIS = YES;
				CLANG_WARN_STRICT_PROTOTYPES = YES;
				CLANG_WARN_SUSPICIOUS_MOVE = YES;
				CLANG_WARN_UNGUARDED_AVAILABILITY = YES_AGGRESSIVE;
				CLANG_WARN_UNREACHABLE_CODE = YES;
				CLANG_WARN__DUPLICATE_METHOD_MATCH = YES;
				COPY_PHASE_STRIP = NO;
				DEBUG_INFORMATION_FORMAT = "dwarf-with-dsym";
				ENABLE_NS_ASSERTIONS = NO;
				ENABLE_STRICT_OBJC_MSGSEND = YES;
				GCC_C_LANGUAGE_STANDARD = gnu11;
				GCC_NO_COMMON_BLOCKS = YES;
				GCC_WARN_64_TO_32_BIT_CONVERSION = YES;
				GCC_WARN_ABOUT_RETURN_TYPE = YES_ERROR;
				GCC_WARN_UNDECLARED_SELECTOR = YES;
				GCC_WARN_UNINITIALIZED_AUTOS = YES_AGGRESSIVE;
				GCC_WARN_UNUSED_FUNCTION = YES;
				GCC_WARN_UNUSED_VARIABLE = YES;
				IPHONEOS_DEPLOYMENT_TARGET = 15.0;
				MTL_ENABLE_DEBUG_INFO = NO;
				MTL_FAST_MATH = YES;
				SDKROOT = iphoneos;
				SWIFT_COMPILATION_MODE = wholemodule;
				SWIFT_OPTIMIZATION_LEVEL = "-O";
				VALIDATE_PRODUCT = YES;
			};
			name = Release;
		};
		3A4E3F952847E06B0047946C /* Debug */ = {
			isa = XCBuildConfiguration;
			baseConfigurationReference = D8DD3F09B65CEB7DC353D9D6 /* Pods-Test Balink.debug.xcconfig */;
			buildSettings = {
				ASSETCATALOG_COMPILER_APPICON_NAME = AppIcon;
				ASSETCATALOG_COMPILER_GLOBAL_ACCENT_COLOR_NAME = AccentColor;
				CODE_SIGN_STYLE = Automatic;
				CURRENT_PROJECT_VERSION = 1;
				DEVELOPMENT_TEAM = X84H3LFA4V;
				GENERATE_INFOPLIST_FILE = YES;
				INFOPLIST_FILE = "Test Balink/Info.plist";
				INFOPLIST_KEY_UIApplicationSupportsIndirectInputEvents = YES;
				INFOPLIST_KEY_UILaunchStoryboardName = LaunchScreen;
				INFOPLIST_KEY_UISupportedInterfaceOrientations_iPad = "UIInterfaceOrientationPortrait UIInterfaceOrientationPortraitUpsideDown UIInterfaceOrientationLandscapeLeft UIInterfaceOrientationLandscapeRight";
				INFOPLIST_KEY_UISupportedInterfaceOrientations_iPhone = "UIInterfaceOrientationPortrait UIInterfaceOrientationLandscapeLeft UIInterfaceOrientationLandscapeRight";
				IPHONEOS_DEPLOYMENT_TARGET = 13.0;
				LD_RUNPATH_SEARCH_PATHS = (
					"$(inherited)",
					"@executable_path/Frameworks",
				);
				MARKETING_VERSION = 1.0;
				PRODUCT_BUNDLE_IDENTIFIER = "com.DavidMikhailov.Test-Balink";
				PRODUCT_NAME = "$(TARGET_NAME)";
				SWIFT_EMIT_LOC_STRINGS = YES;
				SWIFT_VERSION = 5.0;
				TARGETED_DEVICE_FAMILY = 1;
			};
			name = Debug;
		};
		3A4E3F962847E06B0047946C /* Release */ = {
			isa = XCBuildConfiguration;
			baseConfigurationReference = 5D5E5EAF261960EAD5EFE1EB /* Pods-Test Balink.release.xcconfig */;
			buildSettings = {
				ASSETCATALOG_COMPILER_APPICON_NAME = AppIcon;
				ASSETCATALOG_COMPILER_GLOBAL_ACCENT_COLOR_NAME = AccentColor;
				CODE_SIGN_STYLE = Automatic;
				CURRENT_PROJECT_VERSION = 1;
				DEVELOPMENT_TEAM = X84H3LFA4V;
				GENERATE_INFOPLIST_FILE = YES;
				INFOPLIST_FILE = "Test Balink/Info.plist";
				INFOPLIST_KEY_UIApplicationSupportsIndirectInputEvents = YES;
				INFOPLIST_KEY_UILaunchStoryboardName = LaunchScreen;
				INFOPLIST_KEY_UISupportedInterfaceOrientations_iPad = "UIInterfaceOrientationPortrait UIInterfaceOrientationPortraitUpsideDown UIInterfaceOrientationLandscapeLeft UIInterfaceOrientationLandscapeRight";
				INFOPLIST_KEY_UISupportedInterfaceOrientations_iPhone = "UIInterfaceOrientationPortrait UIInterfaceOrientationLandscapeLeft UIInterfaceOrientationLandscapeRight";
				IPHONEOS_DEPLOYMENT_TARGET = 13.0;
				LD_RUNPATH_SEARCH_PATHS = (
					"$(inherited)",
					"@executable_path/Frameworks",
				);
				MARKETING_VERSION = 1.0;
				PRODUCT_BUNDLE_IDENTIFIER = "com.DavidMikhailov.Test-Balink";
				PRODUCT_NAME = "$(TARGET_NAME)";
				SWIFT_EMIT_LOC_STRINGS = YES;
				SWIFT_VERSION = 5.0;
				TARGETED_DEVICE_FAMILY = 1;
			};
			name = Release;
		};
/* End XCBuildConfiguration section */

/* Begin XCConfigurationList section */
		3A4E3F7B2847E06A0047946C /* Build configuration list for PBXProject "Test Balink" */ = {
			isa = XCConfigurationList;
			buildConfigurations = (
				3A4E3F922847E06B0047946C /* Debug */,
				3A4E3F932847E06B0047946C /* Release */,
			);
			defaultConfigurationIsVisible = 0;
			defaultConfigurationName = Release;
		};
		3A4E3F942847E06B0047946C /* Build configuration list for PBXNativeTarget "Test Balink" */ = {
			isa = XCConfigurationList;
			buildConfigurations = (
				3A4E3F952847E06B0047946C /* Debug */,
				3A4E3F962847E06B0047946C /* Release */,
			);
			defaultConfigurationIsVisible = 0;
			defaultConfigurationName = Release;
		};
/* End XCConfigurationList section */

/* Begin XCVersionGroup section */
		3A4E3F9A2848013F0047946C /* Users.xcdatamodeld */ = {
			isa = XCVersionGroup;
			children = (
				3A4E3F9B2848013F0047946C /* Users.xcdatamodel */,
			);
			currentVersion = 3A4E3F9B2848013F0047946C /* Users.xcdatamodel */;
			path = Users.xcdatamodeld;
			sourceTree = "<group>";
			versionGroupType = wrapper.xcdatamodel;
		};
/* End XCVersionGroup section */
	};
	rootObject = 3A4E3F782847E06A0047946C /* Project object */;
}
